
Microsoft Visual Studio Solution File, Format Version 12.00
# Visual Studio Version 17
VisualStudioVersion = 17.4.33110.190
MinimumVisualStudioVersion = 10.0.40219.1
Project("{9A19103F-16F7-4668-BE54-9A1E7A4F7556}") = "GameHub", "GameHub.csproj", "{A2D7723E-2AC0-4261-93FC-09E976D9AC00}"
EndProject
Global
	GlobalSection(SolutionConfigurationPlatforms) = preSolution
		Debug|Any CPU = Debug|Any CPU
		Release|Any CPU = Release|Any CPU
	EndGlobalSection
	GlobalSection(ProjectConfigurationPlatforms) = postSolution
		{A2D7723E-2AC0-4261-93FC-09E976D9AC00}.Debug|Any CPU.ActiveCfg = Debug|Any CPU
		{A2D7723E-2AC0-4261-93FC-09E976D9AC00}.Debug|Any CPU.Build.0 = Debug|Any CPU
		{A2D7723E-2AC0-4261-93FC-09E976D9AC00}.Release|Any CPU.ActiveCfg = Release|Any CPU
		{A2D7723E-2AC0-4261-93FC-09E976D9AC00}.Release|Any CPU.Build.0 = Release|Any CPU
	EndGlobalSection
	GlobalSection(SolutionProperties) = preSolution
		HideSolutionNode = FALSE
	EndGlobalSection
	GlobalSection(ExtensibilityGlobals) = postSolution
		SolutionGuid = {8B4C8356-6D72-4D06-BEB0-6467951B4599}
	EndGlobalSection
EndGlobal
